
Microsoft Visual Studio Solution File, Format Version 12.00
# Visual Studio Version 16
VisualStudioVersion = 16.0.31205.134
MinimumVisualStudioVersion = 10.0.40219.1
Project("{FAE04EC0-301F-11D3-BF4B-00C04F79EFBC}") = "SinusCalculator", "SinusCalculator.csproj", "{68A78E72-DC44-4069-A9B1-2C037E4CED88}"
EndProject
Global
	GlobalSection(SolutionConfigurationPlatforms) = preSolution
		Debug|Any CPU = Debug|Any CPU
		Release|Any CPU = Release|Any CPU
	EndGlobalSection
	GlobalSection(ProjectConfigurationPlatforms) = postSolution
		{68A78E72-DC44-4069-A9B1-2C037E4CED88}.Debug|Any CPU.ActiveCfg = Debug|Any CPU
		{68A78E72-DC44-4069-A9B1-2C037E4CED88}.Debug|Any CPU.Build.0 = Debug|Any CPU
		{68A78E72-DC44-4069-A9B1-2C037E4CED88}.Release|Any CPU.ActiveCfg = Release|Any CPU
		{68A78E72-DC44-4069-A9B1-2C037E4CED88}.Release|Any CPU.Build.0 = Release|Any CPU
	EndGlobalSection
	GlobalSection(SolutionProperties) = preSolution
		HideSolutionNode = FALSE
	EndGlobalSection
	GlobalSection(ExtensibilityGlobals) = postSolution
		SolutionGuid = {97D46516-60E6-4E77-B5AF-DC50ED3835B9}
	EndGlobalSection
EndGlobal
